
Microsoft Visual Studio Solution File, Format Version 12.00
# Visual Studio Version 16
VisualStudioVersion = 25.0.1704.2
MinimumVisualStudioVersion = 10.0.40219.1
Project("{FAE04EC0-301F-11D3-BF4B-00C04F79EFBC}") = "OrdersReaderBlazorApp", "OrdersReaderBlazorApp.csproj", "{E85845C5-7F15-4B90-BF25-78EC62BB4213}"
EndProject
Global
	GlobalSection(SolutionConfigurationPlatforms) = preSolution
		Debug|Any CPU = Debug|Any CPU
		Release|Any CPU = Release|Any CPU
	EndGlobalSection
	GlobalSection(ProjectConfigurationPlatforms) = postSolution
		{E85845C5-7F15-4B90-BF25-78EC62BB4213}.Debug|Any CPU.ActiveCfg = Debug|Any CPU
		{E85845C5-7F15-4B90-BF25-78EC62BB4213}.Debug|Any CPU.Build.0 = Debug|Any CPU
		{E85845C5-7F15-4B90-BF25-78EC62BB4213}.Release|Any CPU.ActiveCfg = Release|Any CPU
		{E85845C5-7F15-4B90-BF25-78EC62BB4213}.Release|Any CPU.Build.0 = Release|Any CPU
	EndGlobalSection
	GlobalSection(SolutionProperties) = preSolution
		HideSolutionNode = FALSE
	EndGlobalSection
	GlobalSection(ExtensibilityGlobals) = postSolution
		SolutionGuid = {6471CAB0-D6DE-43E5-AB13-C2A8AE5380A8}
	EndGlobalSection
EndGlobal
